
Microsoft Visual Studio Solution File, Format Version 12.00
# Visual Studio Version 17
VisualStudioVersion = 17.0.31903.59
MinimumVisualStudioVersion = 10.0.40219.1
Project("{9A19103F-16F7-4668-BE54-9A1E7A4F7556}") = "MiddleStageFoodPK.BlazorApp", "MiddleStageFoodPK.BlazorApp\MiddleStageFoodPK.BlazorApp\MiddleStageFoodPK.BlazorApp.csproj", "{4BEEAA12-CCED-40D9-B2A7-E43834AD20B3}"
EndProject
Project("{9A19103F-16F7-4668-BE54-9A1E7A4F7556}") = "MiddleStageFoodPK.BlazorApp.Client", "MiddleStageFoodPK.BlazorApp\MiddleStageFoodPK.BlazorApp.Client\MiddleStageFoodPK.BlazorApp.Client.csproj", "{BAFFD81D-D6B6-4481-87FC-5A8FC120A429}"
EndProject
Project("{9A19103F-16F7-4668-BE54-9A1E7A4F7556}") = "MiddleStageFoodPK.Test", "MiddleStageFoodPK.Test\MiddleStageFoodPK.Test.csproj", "{4835E11C-CFDE-4986-9165-190E1504448B}"
EndProject
Project("{9A19103F-16F7-4668-BE54-9A1E7A4F7556}") = "MiddleStageFoodPK.Relay", "MiddleStageFoodPK.Relay\MiddleStageFoodPK.Relay.csproj", "{70F821CC-37FD-4CBC-BAB6-F68220A4C302}"
EndProject
Global
	GlobalSection(SolutionConfigurationPlatforms) = preSolution
		Debug|Any CPU = Debug|Any CPU
		Release|Any CPU = Release|Any CPU
	EndGlobalSection
	GlobalSection(ProjectConfigurationPlatforms) = postSolution
		{4BEEAA12-CCED-40D9-B2A7-E43834AD20B3}.Debug|Any CPU.ActiveCfg = Debug|Any CPU
		{4BEEAA12-CCED-40D9-B2A7-E43834AD20B3}.Debug|Any CPU.Build.0 = Debug|Any CPU
		{4BEEAA12-CCED-40D9-B2A7-E43834AD20B3}.Release|Any CPU.ActiveCfg = Release|Any CPU
		{4BEEAA12-CCED-40D9-B2A7-E43834AD20B3}.Release|Any CPU.Build.0 = Release|Any CPU
		{BAFFD81D-D6B6-4481-87FC-5A8FC120A429}.Debug|Any CPU.ActiveCfg = Debug|Any CPU
		{BAFFD81D-D6B6-4481-87FC-5A8FC120A429}.Debug|Any CPU.Build.0 = Debug|Any CPU
		{BAFFD81D-D6B6-4481-87FC-5A8FC120A429}.Release|Any CPU.ActiveCfg = Release|Any CPU
		{BAFFD81D-D6B6-4481-87FC-5A8FC120A429}.Release|Any CPU.Build.0 = Release|Any CPU
		{4835E11C-CFDE-4986-9165-190E1504448B}.Debug|Any CPU.ActiveCfg = Debug|Any CPU
		{4835E11C-CFDE-4986-9165-190E1504448B}.Debug|Any CPU.Build.0 = Debug|Any CPU
		{4835E11C-CFDE-4986-9165-190E1504448B}.Release|Any CPU.ActiveCfg = Release|Any CPU
		{4835E11C-CFDE-4986-9165-190E1504448B}.Release|Any CPU.Build.0 = Release|Any CPU
		{70F821CC-37FD-4CBC-BAB6-F68220A4C302}.Debug|Any CPU.ActiveCfg = Debug|Any CPU
		{70F821CC-37FD-4CBC-BAB6-F68220A4C302}.Debug|Any CPU.Build.0 = Debug|Any CPU
		{70F821CC-37FD-4CBC-BAB6-F68220A4C302}.Release|Any CPU.ActiveCfg = Release|Any CPU
		{70F821CC-37FD-4CBC-BAB6-F68220A4C302}.Release|Any CPU.Build.0 = Release|Any CPU
	EndGlobalSection
	GlobalSection(SolutionProperties) = preSolution
		HideSolutionNode = FALSE
	EndGlobalSection
	GlobalSection(ExtensibilityGlobals) = postSolution
		SolutionGuid = {5960F319-6E88-49A6-A4AC-6CE76AD7F473}
	EndGlobalSection
EndGlobal
